// !$*UTF8*$!
{
	archiveVersion = 1;
	classes = {
	};
	objectVersion = 56;
	objects = {

/* Begin PBXBuildFile section */
		A93466192B76AAA10082A000 /* AppDelegate.swift in Sources */ = {isa = PBXBuildFile; fileRef = A93466182B76AAA10082A000 /* AppDelegate.swift */; };
		A934661B2B76AAA10082A000 /* SceneDelegate.swift in Sources */ = {isa = PBXBuildFile; fileRef = A934661A2B76AAA10082A000 /* SceneDelegate.swift */; };
		A93466202B76AAA10082A000 /* Main.storyboard in Resources */ = {isa = PBXBuildFile; fileRef = A934661E2B76AAA10082A000 /* Main.storyboard */; };
		A93466222B76AAA20082A000 /* Assets.xcassets in Resources */ = {isa = PBXBuildFile; fileRef = A93466212B76AAA20082A000 /* Assets.xcassets */; };
		A93466252B76AAA20082A000 /* LaunchScreen.storyboard in Resources */ = {isa = PBXBuildFile; fileRef = A93466232B76AAA20082A000 /* LaunchScreen.storyboard */; };
		A93466302B76AAA30082A000 /* KaizenTests.swift in Sources */ = {isa = PBXBuildFile; fileRef = A934662F2B76AAA30082A000 /* KaizenTests.swift */; };
		A934663A2B76AAA30082A000 /* KaizenUITests.swift in Sources */ = {isa = PBXBuildFile; fileRef = A93466392B76AAA30082A000 /* KaizenUITests.swift */; };
		A934663C2B76AAA30082A000 /* KaizenUITestsLaunchTests.swift in Sources */ = {isa = PBXBuildFile; fileRef = A934663B2B76AAA30082A000 /* KaizenUITestsLaunchTests.swift */; };
		A934664A2B76ABC40082A000 /* HomeScreenViewController.swift in Sources */ = {isa = PBXBuildFile; fileRef = A93466482B76ABC40082A000 /* HomeScreenViewController.swift */; };
		A934664B2B76ABC40082A000 /* HomeScreenViewController.xib in Resources */ = {isa = PBXBuildFile; fileRef = A93466492B76ABC40082A000 /* HomeScreenViewController.xib */; };
		A93466502B76AE670082A000 /* GenericAPICall.swift in Sources */ = {isa = PBXBuildFile; fileRef = A934664F2B76AE670082A000 /* GenericAPICall.swift */; };
		A93466532B76AE7E0082A000 /* Alamofire in Frameworks */ = {isa = PBXBuildFile; productRef = A93466522B76AE7E0082A000 /* Alamofire */; };
		A93466552B76AEA00082A000 /* SportsModel.swift in Sources */ = {isa = PBXBuildFile; fileRef = A93466542B76AEA00082A000 /* SportsModel.swift */; };
		A93466572B76B4800082A000 /* SportsList.swift in Sources */ = {isa = PBXBuildFile; fileRef = A93466562B76B4800082A000 /* SportsList.swift */; };
		A9E5B5042B777E660075BA83 /* EventView.swift in Sources */ = {isa = PBXBuildFile; fileRef = A9E5B5032B777E660075BA83 /* EventView.swift */; };
		A9E5B5062B7782C60075BA83 /* SportSectionView.swift in Sources */ = {isa = PBXBuildFile; fileRef = A9E5B5052B7782C60075BA83 /* SportSectionView.swift */; };
		A9E5B5082B7784950075BA83 /* HomeScreenViewModel.swift in Sources */ = {isa = PBXBuildFile; fileRef = A9E5B5072B7784950075BA83 /* HomeScreenViewModel.swift */; };
		A9E5B50A2B7784CF0075BA83 /* NetworkManager.swift in Sources */ = {isa = PBXBuildFile; fileRef = A9E5B5092B7784CF0075BA83 /* NetworkManager.swift */; };
		A9E5B50C2B7786160075BA83 /* DataFactory.swift in Sources */ = {isa = PBXBuildFile; fileRef = A9E5B50B2B7786160075BA83 /* DataFactory.swift */; };
/* End PBXBuildFile section */

/* Begin PBXContainerItemProxy section */
		A934662C2B76AAA30082A000 /* PBXContainerItemProxy */ = {
			isa = PBXContainerItemProxy;
			containerPortal = A934660D2B76AAA10082A000 /* Project object */;
			proxyType = 1;
			remoteGlobalIDString = A93466142B76AAA10082A000;
			remoteInfo = Kaizen;
		};
		A93466362B76AAA30082A000 /* PBXContainerItemProxy */ = {
			isa = PBXContainerItemProxy;
			containerPortal = A934660D2B76AAA10082A000 /* Project object */;
			proxyType = 1;
			remoteGlobalIDString = A93466142B76AAA10082A000;
			remoteInfo = Kaizen;
		};
/* End PBXContainerItemProxy section */

/* Begin PBXFileReference section */
		A93466152B76AAA10082A000 /* Kaizen.app */ = {isa = PBXFileReference; explicitFileType = wrapper.application; includeInIndex = 0; path = Kaizen.app; sourceTree = BUILT_PRODUCTS_DIR; };
		A93466182B76AAA10082A000 /* AppDelegate.swift */ = {isa = PBXFileReference; lastKnownFileType = sourcecode.swift; path = AppDelegate.swift; sourceTree = "<group>"; };
		A934661A2B76AAA10082A000 /* SceneDelegate.swift */ = {isa = PBXFileReference; lastKnownFileType = sourcecode.swift; path = SceneDelegate.swift; sourceTree = "<group>"; };
		A934661F2B76AAA10082A000 /* Base */ = {isa = PBXFileReference; lastKnownFileType = file.storyboard; name = Base; path = Base.lproj/Main.storyboard; sourceTree = "<group>"; };
		A93466212B76AAA20082A000 /* Assets.xcassets */ = {isa = PBXFileReference; lastKnownFileType = folder.assetcatalog; path = Assets.xcassets; sourceTree = "<group>"; };
		A93466242B76AAA20082A000 /* Base */ = {isa = PBXFileReference; lastKnownFileType = file.storyboard; name = Base; path = Base.lproj/LaunchScreen.storyboard; sourceTree = "<group>"; };
		A93466262B76AAA20082A000 /* Info.plist */ = {isa = PBXFileReference; lastKnownFileType = text.plist.xml; path = Info.plist; sourceTree = "<group>"; };
		A934662B2B76AAA30082A000 /* KaizenTests.xctest */ = {isa = PBXFileReference; explicitFileType = wrapper.cfbundle; includeInIndex = 0; path = KaizenTests.xctest; sourceTree = BUILT_PRODUCTS_DIR; };
		A934662F2B76AAA30082A000 /* KaizenTests.swift */ = {isa = PBXFileReference; lastKnownFileType = sourcecode.swift; path = KaizenTests.swift; sourceTree = "<group>"; };
		A93466352B76AAA30082A000 /* KaizenUITests.xctest */ = {isa = PBXFileReference; explicitFileType = wrapper.cfbundle; includeInIndex = 0; path = KaizenUITests.xctest; sourceTree = BUILT_PRODUCTS_DIR; };
		A93466392B76AAA30082A000 /* KaizenUITests.swift */ = {isa = PBXFileReference; lastKnownFileType = sourcecode.swift; path = KaizenUITests.swift; sourceTree = "<group>"; };
		A934663B2B76AAA30082A000 /* KaizenUITestsLaunchTests.swift */ = {isa = PBXFileReference; lastKnownFileType = sourcecode.swift; path = KaizenUITestsLaunchTests.swift; sourceTree = "<group>"; };
		A93466482B76ABC40082A000 /* HomeScreenViewController.swift */ = {isa = PBXFileReference; lastKnownFileType = sourcecode.swift; path = HomeScreenViewController.swift; sourceTree = "<group>"; };
		A93466492B76ABC40082A000 /* HomeScreenViewController.xib */ = {isa = PBXFileReference; lastKnownFileType = file.xib; path = HomeScreenViewController.xib; sourceTree = "<group>"; };
		A934664F2B76AE670082A000 /* GenericAPICall.swift */ = {isa = PBXFileReference; lastKnownFileType = sourcecode.swift; path = GenericAPICall.swift; sourceTree = "<group>"; };
		A93466542B76AEA00082A000 /* SportsModel.swift */ = {isa = PBXFileReference; lastKnownFileType = sourcecode.swift; path = SportsModel.swift; sourceTree = "<group>"; };
		A93466562B76B4800082A000 /* SportsList.swift */ = {isa = PBXFileReference; lastKnownFileType = sourcecode.swift; path = SportsList.swift; sourceTree = "<group>"; };
		A9E5B5032B777E660075BA83 /* EventView.swift */ = {isa = PBXFileReference; lastKnownFileType = sourcecode.swift; path = EventView.swift; sourceTree = "<group>"; };
		A9E5B5052B7782C60075BA83 /* SportSectionView.swift */ = {isa = PBXFileReference; lastKnownFileType = sourcecode.swift; path = SportSectionView.swift; sourceTree = "<group>"; };
		A9E5B5072B7784950075BA83 /* HomeScreenViewModel.swift */ = {isa = PBXFileReference; lastKnownFileType = sourcecode.swift; path = HomeScreenViewModel.swift; sourceTree = "<group>"; };
		A9E5B5092B7784CF0075BA83 /* NetworkManager.swift */ = {isa = PBXFileReference; lastKnownFileType = sourcecode.swift; path = NetworkManager.swift; sourceTree = "<group>"; };
		A9E5B50B2B7786160075BA83 /* DataFactory.swift */ = {isa = PBXFileReference; lastKnownFileType = sourcecode.swift; path = DataFactory.swift; sourceTree = "<group>"; };
/* End PBXFileReference section */

/* Begin PBXFrameworksBuildPhase section */
		A93466122B76AAA10082A000 /* Frameworks */ = {
			isa = PBXFrameworksBuildPhase;
			buildActionMask = 2147483647;
			files = (
				A93466532B76AE7E0082A000 /* Alamofire in Frameworks */,
			);
			runOnlyForDeploymentPostprocessing = 0;
		};
		A93466282B76AAA30082A000 /* Frameworks */ = {
			isa = PBXFrameworksBuildPhase;
			buildActionMask = 2147483647;
			files = (
			);
			runOnlyForDeploymentPostprocessing = 0;
		};
		A93466322B76AAA30082A000 /* Frameworks */ = {
			isa = PBXFrameworksBuildPhase;
			buildActionMask = 2147483647;
			files = (
			);
			runOnlyForDeploymentPostprocessing = 0;
		};
/* End PBXFrameworksBuildPhase section */

/* Begin PBXGroup section */
		A934660C2B76AAA10082A000 = {
			isa = PBXGroup;
			children = (
				A93466172B76AAA10082A000 /* Kaizen */,
				A934662E2B76AAA30082A000 /* KaizenTests */,
				A93466382B76AAA30082A000 /* KaizenUITests */,
				A93466162B76AAA10082A000 /* Products */,
			);
			sourceTree = "<group>";
		};
		A93466162B76AAA10082A000 /* Products */ = {
			isa = PBXGroup;
			children = (
				A93466152B76AAA10082A000 /* Kaizen.app */,
				A934662B2B76AAA30082A000 /* KaizenTests.xctest */,
				A93466352B76AAA30082A000 /* KaizenUITests.xctest */,
			);
			name = Products;
			sourceTree = "<group>";
		};
		A93466172B76AAA10082A000 /* Kaizen */ = {
			isa = PBXGroup;
			children = (
				A934665B2B76B73B0082A000 /* Views */,
				A934665A2B76B7270082A000 /* DataFactories */,
				A93466592B76B71D0082A000 /* ViewModels */,
				A93466582B76B70D0082A000 /* Managers */,
				A934664D2B76AE3B0082A000 /* Network */,
				A934664C2B76ABEC0082A000 /* ViewController */,
				A93466182B76AAA10082A000 /* AppDelegate.swift */,
				A934661A2B76AAA10082A000 /* SceneDelegate.swift */,
				A934661E2B76AAA10082A000 /* Main.storyboard */,
				A93466212B76AAA20082A000 /* Assets.xcassets */,
				A93466232B76AAA20082A000 /* LaunchScreen.storyboard */,
				A93466262B76AAA20082A000 /* Info.plist */,
			);
			path = Kaizen;
			sourceTree = "<group>";
		};
		A934662E2B76AAA30082A000 /* KaizenTests */ = {
			isa = PBXGroup;
			children = (
				A934662F2B76AAA30082A000 /* KaizenTests.swift */,
			);
			path = KaizenTests;
			sourceTree = "<group>";
		};
		A93466382B76AAA30082A000 /* KaizenUITests */ = {
			isa = PBXGroup;
			children = (
				A93466392B76AAA30082A000 /* KaizenUITests.swift */,
				A934663B2B76AAA30082A000 /* KaizenUITestsLaunchTests.swift */,
			);
			path = KaizenUITests;
			sourceTree = "<group>";
		};
		A934664C2B76ABEC0082A000 /* ViewController */ = {
			isa = PBXGroup;
			children = (
				A93466482B76ABC40082A000 /* HomeScreenViewController.swift */,
				A93466492B76ABC40082A000 /* HomeScreenViewController.xib */,
			);
			path = ViewController;
			sourceTree = "<group>";
		};
		A934664D2B76AE3B0082A000 /* Network */ = {
			isa = PBXGroup;
			children = (
				A934664E2B76AE480082A000 /* Models */,
				A934664F2B76AE670082A000 /* GenericAPICall.swift */,
			);
			path = Network;
			sourceTree = "<group>";
		};
		A934664E2B76AE480082A000 /* Models */ = {
			isa = PBXGroup;
			children = (
				A93466542B76AEA00082A000 /* SportsModel.swift */,
				A93466562B76B4800082A000 /* SportsList.swift */,
			);
			path = Models;
			sourceTree = "<group>";
		};
		A93466582B76B70D0082A000 /* Managers */ = {
			isa = PBXGroup;
			children = (
				A9E5B5092B7784CF0075BA83 /* NetworkManager.swift */,
			);
			path = Managers;
			sourceTree = "<group>";
		};
		A93466592B76B71D0082A000 /* ViewModels */ = {
			isa = PBXGroup;
			children = (
				A9E5B5072B7784950075BA83 /* HomeScreenViewModel.swift */,
			);
			path = ViewModels;
			sourceTree = "<group>";
		};
		A934665A2B76B7270082A000 /* DataFactories */ = {
			isa = PBXGroup;
			children = (
				A9E5B50B2B7786160075BA83 /* DataFactory.swift */,
			);
			path = DataFactories;
			sourceTree = "<group>";
		};
		A934665B2B76B73B0082A000 /* Views */ = {
			isa = PBXGroup;
			children = (
				A9E5B5032B777E660075BA83 /* EventView.swift */,
				A9E5B5052B7782C60075BA83 /* SportSectionView.swift */,
			);
			path = Views;
			sourceTree = "<group>";
		};
/* End PBXGroup section */

/* Begin PBXNativeTarget section */
		A93466142B76AAA10082A000 /* Kaizen */ = {
			isa = PBXNativeTarget;
			buildConfigurationList = A934663F2B76AAA30082A000 /* Build configuration list for PBXNativeTarget "Kaizen" */;
			buildPhases = (
				A93466112B76AAA10082A000 /* Sources */,
				A93466122B76AAA10082A000 /* Frameworks */,
				A93466132B76AAA10082A000 /* Resources */,
			);
			buildRules = (
			);
			dependencies = (
			);
			name = Kaizen;
			packageProductDependencies = (
				A93466522B76AE7E0082A000 /* Alamofire */,
			);
			productName = Kaizen;
			productReference = A93466152B76AAA10082A000 /* Kaizen.app */;
			productType = "com.apple.product-type.application";
		};
		A934662A2B76AAA30082A000 /* KaizenTests */ = {
			isa = PBXNativeTarget;
			buildConfigurationList = A93466422B76AAA30082A000 /* Build configuration list for PBXNativeTarget "KaizenTests" */;
			buildPhases = (
				A93466272B76AAA30082A000 /* Sources */,
				A93466282B76AAA30082A000 /* Frameworks */,
				A93466292B76AAA30082A000 /* Resources */,
			);
			buildRules = (
			);
			dependencies = (
				A934662D2B76AAA30082A000 /* PBXTargetDependency */,
			);
			name = KaizenTests;
			productName = KaizenTests;
			productReference = A934662B2B76AAA30082A000 /* KaizenTests.xctest */;
			productType = "com.apple.product-type.bundle.unit-test";
		};
		A93466342B76AAA30082A000 /* KaizenUITests */ = {
			isa = PBXNativeTarget;
			buildConfigurationList = A93466452B76AAA30082A000 /* Build configuration list for PBXNativeTarget "KaizenUITests" */;
			buildPhases = (
				A93466312B76AAA30082A000 /* Sources */,
				A93466322B76AAA30082A000 /* Frameworks */,
				A93466332B76AAA30082A000 /* Resources */,
			);
			buildRules = (
			);
			dependencies = (
				A93466372B76AAA30082A000 /* PBXTargetDependency */,
			);
			name = KaizenUITests;
			productName = KaizenUITests;
			productReference = A93466352B76AAA30082A000 /* KaizenUITests.xctest */;
			productType = "com.apple.product-type.bundle.ui-testing";
		};
/* End PBXNativeTarget section */

/* Begin PBXProject section */
		A934660D2B76AAA10082A000 /* Project object */ = {
			isa = PBXProject;
			attributes = {
				BuildIndependentTargetsInParallel = 1;
				LastSwiftUpdateCheck = 1520;
				LastUpgradeCheck = 1520;
				TargetAttributes = {
					A93466142B76AAA10082A000 = {
						CreatedOnToolsVersion = 15.2;
					};
					A934662A2B76AAA30082A000 = {
						CreatedOnToolsVersion = 15.2;
						TestTargetID = A93466142B76AAA10082A000;
					};
					A93466342B76AAA30082A000 = {
						CreatedOnToolsVersion = 15.2;
						TestTargetID = A93466142B76AAA10082A000;
					};
				};
			};
			buildConfigurationList = A93466102B76AAA10082A000 /* Build configuration list for PBXProject "Kaizen" */;
			compatibilityVersion = "Xcode 14.0";
			developmentRegion = en;
			hasScannedForEncodings = 0;
			knownRegions = (
				en,
				Base,
			);
			mainGroup = A934660C2B76AAA10082A000;
			packageReferences = (
				A93466512B76AE7E0082A000 /* XCRemoteSwiftPackageReference "Alamofire" */,
			);
			productRefGroup = A93466162B76AAA10082A000 /* Products */;
			projectDirPath = "";
			projectRoot = "";
			targets = (
				A93466142B76AAA10082A000 /* Kaizen */,
				A934662A2B76AAA30082A000 /* KaizenTests */,
				A93466342B76AAA30082A000 /* KaizenUITests */,
			);
		};
/* End PBXProject section */

/* Begin PBXResourcesBuildPhase section */
		A93466132B76AAA10082A000 /* Resources */ = {
			isa = PBXResourcesBuildPhase;
			buildActionMask = 2147483647;
			files = (
				A93466252B76AAA20082A000 /* LaunchScreen.storyboard in Resources */,
				A934664B2B76ABC40082A000 /* HomeScreenViewController.xib in Resources */,
				A93466222B76AAA20082A000 /* Assets.xcassets in Resources */,
				A93466202B76AAA10082A000 /* Main.storyboard in Resources */,
			);
			runOnlyForDeploymentPostprocessing = 0;
		};
		A93466292B76AAA30082A000 /* Resources */ = {
			isa = PBXResourcesBuildPhase;
			buildActionMask = 2147483647;
			files = (
			);
			runOnlyForDeploymentPostprocessing = 0;
		};
		A93466332B76AAA30082A000 /* Resources */ = {
			isa = PBXResourcesBuildPhase;
			buildActionMask = 2147483647;
			files = (
			);
			runOnlyForDeploymentPostprocessing = 0;
		};
/* End PBXResourcesBuildPhase section */

/* Begin PBXSourcesBuildPhase section */
		A93466112B76AAA10082A000 /* Sources */ = {
			isa = PBXSourcesBuildPhase;
			buildActionMask = 2147483647;
			files = (
				A93466552B76AEA00082A000 /* SportsModel.swift in Sources */,
				A9E5B5082B7784950075BA83 /* HomeScreenViewModel.swift in Sources */,
				A9E5B50A2B7784CF0075BA83 /* NetworkManager.swift in Sources */,
				A9E5B5062B7782C60075BA83 /* SportSectionView.swift in Sources */,
				A9E5B5042B777E660075BA83 /* EventView.swift in Sources */,
				A934664A2B76ABC40082A000 /* HomeScreenViewController.swift in Sources */,
				A93466572B76B4800082A000 /* SportsList.swift in Sources */,
				A93466192B76AAA10082A000 /* AppDelegate.swift in Sources */,
				A93466502B76AE670082A000 /* GenericAPICall.swift in Sources */,
				A9E5B50C2B7786160075BA83 /* DataFactory.swift in Sources */,
				A934661B2B76AAA10082A000 /* SceneDelegate.swift in Sources */,
			);
			runOnlyForDeploymentPostprocessing = 0;
		};
		A93466272B76AAA30082A000 /* Sources */ = {
			isa = PBXSourcesBuildPhase;
			buildActionMask = 2147483647;
			files = (
				A93466302B76AAA30082A000 /* KaizenTests.swift in Sources */,
			);
			runOnlyForDeploymentPostprocessing = 0;
		};
		A93466312B76AAA30082A000 /* Sources */ = {
			isa = PBXSourcesBuildPhase;
			buildActionMask = 2147483647;
			files = (
				A934663C2B76AAA30082A000 /* KaizenUITestsLaunchTests.swift in Sources */,
				A934663A2B76AAA30082A000 /* KaizenUITests.swift in Sources */,
			);
			runOnlyForDeploymentPostprocessing = 0;
		};
/* End PBXSourcesBuildPhase section */

/* Begin PBXTargetDependency section */
		A934662D2B76AAA30082A000 /* PBXTargetDependency */ = {
			isa = PBXTargetDependency;
			target = A93466142B76AAA10082A000 /* Kaizen */;
			targetProxy = A934662C2B76AAA30082A000 /* PBXContainerItemProxy */;
		};
		A93466372B76AAA30082A000 /* PBXTargetDependency */ = {
			isa = PBXTargetDependency;
			target = A93466142B76AAA10082A000 /* Kaizen */;
			targetProxy = A93466362B76AAA30082A000 /* PBXContainerItemProxy */;
		};
/* End PBXTargetDependency section */

/* Begin PBXVariantGroup section */
		A934661E2B76AAA10082A000 /* Main.storyboard */ = {
			isa = PBXVariantGroup;
			children = (
				A934661F2B76AAA10082A000 /* Base */,
			);
			name = Main.storyboard;
			sourceTree = "<group>";
		};
		A93466232B76AAA20082A000 /* LaunchScreen.storyboard */ = {
			isa = PBXVariantGroup;
			children = (
				A93466242B76AAA20082A000 /* Base */,
			);
			name = LaunchScreen.storyboard;
			sourceTree = "<group>";
		};
/* End PBXVariantGroup section */

/* Begin XCBuildConfiguration section */
		A934663D2B76AAA30082A000 /* Debug */ = {
			isa = XCBuildConfiguration;
			buildSettings = {
				ALWAYS_SEARCH_USER_PATHS = NO;
				ASSETCATALOG_COMPILER_GENERATE_SWIFT_ASSET_SYMBOL_EXTENSIONS = YES;
				CLANG_ANALYZER_NONNULL = YES;
				CLANG_ANALYZER_NUMBER_OBJECT_CONVERSION = YES_AGGRESSIVE;
				CLANG_CXX_LANGUAGE_STANDARD = "gnu++20";
				CLANG_ENABLE_MODULES = YES;
				CLANG_ENABLE_OBJC_ARC = YES;
				CLANG_ENABLE_OBJC_WEAK = YES;
				CLANG_WARN_BLOCK_CAPTURE_AUTORELEASING = YES;
				CLANG_WARN_BOOL_CONVERSION = YES;
				CLANG_WARN_COMMA = YES;
				CLANG_WARN_CONSTANT_CONVERSION = YES;
				CLANG_WARN_DEPRECATED_OBJC_IMPLEMENTATIONS = YES;
				CLANG_WARN_DIRECT_OBJC_ISA_USAGE = YES_ERROR;
				CLANG_WARN_DOCUMENTATION_COMMENTS = YES;
				CLANG_WARN_EMPTY_BODY = YES;
				CLANG_WARN_ENUM_CONVERSION = YES;
				CLANG_WARN_INFINITE_RECURSION = YES;
				CLANG_WARN_INT_CONVERSION = YES;
				CLANG_WARN_NON_LITERAL_NULL_CONVERSION = YES;
				CLANG_WARN_OBJC_IMPLICIT_RETAIN_SELF = YES;
				CLANG_WARN_OBJC_LITERAL_CONVERSION = YES;
				CLANG_WARN_OBJC_ROOT_CLASS = YES_ERROR;
				CLANG_WARN_QUOTED_INCLUDE_IN_FRAMEWORK_HEADER = YES;
				CLANG_WARN_RANGE_LOOP_ANALYSIS = YES;
				CLANG_WARN_STRICT_PROTOTYPES = YES;
				CLANG_WARN_SUSPICIOUS_MOVE = YES;
				CLANG_WARN_UNGUARDED_AVAILABILITY = YES_AGGRESSIVE;
				CLANG_WARN_UNREACHABLE_CODE = YES;
				CLANG_WARN__DUPLICATE_METHOD_MATCH = YES;
				COPY_PHASE_STRIP = NO;
				DEBUG_INFORMATION_FORMAT = dwarf;
				ENABLE_STRICT_OBJC_MSGSEND = YES;
				ENABLE_TESTABILITY = YES;
				ENABLE_USER_SCRIPT_SANDBOXING = YES;
				GCC_C_LANGUAGE_STANDARD = gnu17;
				GCC_DYNAMIC_NO_PIC = NO;
				GCC_NO_COMMON_BLOCKS = YES;
				GCC_OPTIMIZATION_LEVEL = 0;
				GCC_PREPROCESSOR_DEFINITIONS = (
					"DEBUG=1",
					"$(inherited)",
				);
				GCC_WARN_64_TO_32_BIT_CONVERSION = YES;
				GCC_WARN_ABOUT_RETURN_TYPE = YES_ERROR;
				GCC_WARN_UNDECLARED_SELECTOR = YES;
				GCC_WARN_UNINITIALIZED_AUTOS = YES_AGGRESSIVE;
				GCC_WARN_UNUSED_FUNCTION = YES;
				GCC_WARN_UNUSED_VARIABLE = YES;
				IPHONEOS_DEPLOYMENT_TARGET = 17.2;
				LOCALIZATION_PREFERS_STRING_CATALOGS = YES;
				MTL_ENABLE_DEBUG_INFO = INCLUDE_SOURCE;
				MTL_FAST_MATH = YES;
				ONLY_ACTIVE_ARCH = YES;
				SDKROOT = iphoneos;
				SWIFT_ACTIVE_COMPILATION_CONDITIONS = "DEBUG $(inherited)";
				SWIFT_OPTIMIZATION_LEVEL = "-Onone";
			};
			name = Debug;
		};
		A934663E2B76AAA30082A000 /* Release */ = {
			isa = XCBuildConfiguration;
			buildSettings = {
				ALWAYS_SEARCH_USER_PATHS = NO;
				ASSETCATALOG_COMPILER_GENERATE_SWIFT_ASSET_SYMBOL_EXTENSIONS = YES;
				CLANG_ANALYZER_NONNULL = YES;
				CLANG_ANALYZER_NUMBER_OBJECT_CONVERSION = YES_AGGRESSIVE;
				CLANG_CXX_LANGUAGE_STANDARD = "gnu++20";
				CLANG_ENABLE_MODULES = YES;
				CLANG_ENABLE_OBJC_ARC = YES;
				CLANG_ENABLE_OBJC_WEAK = YES;
				CLANG_WARN_BLOCK_CAPTURE_AUTORELEASING = YES;
				CLANG_WARN_BOOL_CONVERSION = YES;
				CLANG_WARN_COMMA = YES;
				CLANG_WARN_CONSTANT_CONVERSION = YES;
				CLANG_WARN_DEPRECATED_OBJC_IMPLEMENTATIONS = YES;
				CLANG_WARN_DIRECT_OBJC_ISA_USAGE = YES_ERROR;
				CLANG_WARN_DOCUMENTATION_COMMENTS = YES;
				CLANG_WARN_EMPTY_BODY = YES;
				CLANG_WARN_ENUM_CONVERSION = YES;
				CLANG_WARN_INFINITE_RECURSION = YES;
				CLANG_WARN_INT_CONVERSION = YES;
				CLANG_WARN_NON_LITERAL_NULL_CONVERSION = YES;
				CLANG_WARN_OBJC_IMPLICIT_RETAIN_SELF = YES;
				CLANG_WARN_OBJC_LITERAL_CONVERSION = YES;
				CLANG_WARN_OBJC_ROOT_CLASS = YES_ERROR;
				CLANG_WARN_QUOTED_INCLUDE_IN_FRAMEWORK_HEADER = YES;
				CLANG_WARN_RANGE_LOOP_ANALYSIS = YES;
				CLANG_WARN_STRICT_PROTOTYPES = YES;
				CLANG_WARN_SUSPICIOUS_MOVE = YES;
				CLANG_WARN_UNGUARDED_AVAILABILITY = YES_AGGRESSIVE;
				CLANG_WARN_UNREACHABLE_CODE = YES;
				CLANG_WARN__DUPLICATE_METHOD_MATCH = YES;
				COPY_PHASE_STRIP = NO;
				DEBUG_INFORMATION_FORMAT = "dwarf-with-dsym";
				ENABLE_NS_ASSERTIONS = NO;
				ENABLE_STRICT_OBJC_MSGSEND = YES;
				ENABLE_USER_SCRIPT_SANDBOXING = YES;
				GCC_C_LANGUAGE_STANDARD = gnu17;
				GCC_NO_COMMON_BLOCKS = YES;
				GCC_WARN_64_TO_32_BIT_CONVERSION = YES;
				GCC_WARN_ABOUT_RETURN_TYPE = YES_ERROR;
				GCC_WARN_UNDECLARED_SELECTOR = YES;
				GCC_WARN_UNINITIALIZED_AUTOS = YES_AGGRESSIVE;
				GCC_WARN_UNUSED_FUNCTION = YES;
				GCC_WARN_UNUSED_VARIABLE = YES;
				IPHONEOS_DEPLOYMENT_TARGET = 17.2;
				LOCALIZATION_PREFERS_STRING_CATALOGS = YES;
				MTL_ENABLE_DEBUG_INFO = NO;
				MTL_FAST_MATH = YES;
				SDKROOT = iphoneos;
				SWIFT_COMPILATION_MODE = wholemodule;
				VALIDATE_PRODUCT = YES;
			};
			name = Release;
		};
		A93466402B76AAA30082A000 /* Debug */ = {
			isa = XCBuildConfiguration;
			buildSettings = {
				ASSETCATALOG_COMPILER_APPICON_NAME = AppIcon;
				ASSETCATALOG_COMPILER_GLOBAL_ACCENT_COLOR_NAME = AccentColor;
				CODE_SIGN_STYLE = Automatic;
				CURRENT_PROJECT_VERSION = 1;
				GENERATE_INFOPLIST_FILE = YES;
				INFOPLIST_FILE = Kaizen/Info.plist;
				INFOPLIST_KEY_UIApplicationSupportsIndirectInputEvents = YES;
				INFOPLIST_KEY_UILaunchStoryboardName = LaunchScreen;
				INFOPLIST_KEY_UIMainStoryboardFile = Main;
				INFOPLIST_KEY_UIStatusBarStyle = UIStatusBarStyleDarkContent;
				INFOPLIST_KEY_UISupportedInterfaceOrientations = UIInterfaceOrientationPortrait;
				INFOPLIST_KEY_UISupportedInterfaceOrientations_iPad = "UIInterfaceOrientationLandscapeLeft UIInterfaceOrientationLandscapeRight UIInterfaceOrientationPortrait UIInterfaceOrientationPortraitUpsideDown";
				IPHONEOS_DEPLOYMENT_TARGET = 16.0;
				LD_RUNPATH_SEARCH_PATHS = (
					"$(inherited)",
					"@executable_path/Frameworks",
				);
				MARKETING_VERSION = 1.0;
				PRODUCT_BUNDLE_IDENTIFIER = "bill-polizos.Kaizen";
				PRODUCT_NAME = "$(TARGET_NAME)";
				SUPPORTED_PLATFORMS = "iphoneos iphonesimulator";
				SUPPORTS_MACCATALYST = NO;
				SUPPORTS_MAC_DESIGNED_FOR_IPHONE_IPAD = NO;
				SUPPORTS_XR_DESIGNED_FOR_IPHONE_IPAD = NO;
				SWIFT_EMIT_LOC_STRINGS = YES;
				SWIFT_VERSION = 5.0;
				TARGETED_DEVICE_FAMILY = 1;
			};
			name = Debug;
		};
		A93466412B76AAA30082A000 /* Release */ = {
			isa = XCBuildConfiguration;
			buildSettings = {
				ASSETCATALOG_COMPILER_APPICON_NAME = AppIcon;
				ASSETCATALOG_COMPILER_GLOBAL_ACCENT_COLOR_NAME = AccentColor;
				CODE_SIGN_STYLE = Automatic;
				CURRENT_PROJECT_VERSION = 1;
				GENERATE_INFOPLIST_FILE = YES;
				INFOPLIST_FILE = Kaizen/Info.plist;
				INFOPLIST_KEY_UIApplicationSupportsIndirectInputEvents = YES;
				INFOPLIST_KEY_UILaunchStoryboardName = LaunchScreen;
				INFOPLIST_KEY_UIMainStoryboardFile = Main;
				INFOPLIST_KEY_UIStatusBarStyle = UIStatusBarStyleDarkContent;
				INFOPLIST_KEY_UISupportedInterfaceOrientations = UIInterfaceOrientationPortrait;
				INFOPLIST_KEY_UISupportedInterfaceOrientations_iPad = "UIInterfaceOrientationLandscapeLeft UIInterfaceOrientationLandscapeRight UIInterfaceOrientationPortrait UIInterfaceOrientationPortraitUpsideDown";
				IPHONEOS_DEPLOYMENT_TARGET = 16.0;
				LD_RUNPATH_SEARCH_PATHS = (
					"$(inherited)",
					"@executable_path/Frameworks",
				);
				MARKETING_VERSION = 1.0;
				PRODUCT_BUNDLE_IDENTIFIER = "bill-polizos.Kaizen";
				PRODUCT_NAME = "$(TARGET_NAME)";
				SUPPORTED_PLATFORMS = "iphoneos iphonesimulator";
				SUPPORTS_MACCATALYST = NO;
				SUPPORTS_MAC_DESIGNED_FOR_IPHONE_IPAD = NO;
				SUPPORTS_XR_DESIGNED_FOR_IPHONE_IPAD = NO;
				SWIFT_EMIT_LOC_STRINGS = YES;
				SWIFT_VERSION = 5.0;
				TARGETED_DEVICE_FAMILY = 1;
			};
			name = Release;
		};
		A93466432B76AAA30082A000 /* Debug */ = {
			isa = XCBuildConfiguration;
			buildSettings = {
				ALWAYS_EMBED_SWIFT_STANDARD_LIBRARIES = YES;
				BUNDLE_LOADER = "$(TEST_HOST)";
				CODE_SIGN_STYLE = Automatic;
				CURRENT_PROJECT_VERSION = 1;
				GENERATE_INFOPLIST_FILE = YES;
				IPHONEOS_DEPLOYMENT_TARGET = 17.2;
				MARKETING_VERSION = 1.0;
				PRODUCT_BUNDLE_IDENTIFIER = "bill-polizos.KaizenTests";
				PRODUCT_NAME = "$(TARGET_NAME)";
				SWIFT_EMIT_LOC_STRINGS = NO;
				SWIFT_VERSION = 5.0;
				TARGETED_DEVICE_FAMILY = "1,2";
				TEST_HOST = "$(BUILT_PRODUCTS_DIR)/Kaizen.app/$(BUNDLE_EXECUTABLE_FOLDER_PATH)/Kaizen";
			};
			name = Debug;
		};
		A93466442B76AAA30082A000 /* Release */ = {
			isa = XCBuildConfiguration;
			buildSettings = {
				ALWAYS_EMBED_SWIFT_STANDARD_LIBRARIES = YES;
				BUNDLE_LOADER = "$(TEST_HOST)";
				CODE_SIGN_STYLE = Automatic;
				CURRENT_PROJECT_VERSION = 1;
				GENERATE_INFOPLIST_FILE = YES;
				IPHONEOS_DEPLOYMENT_TARGET = 17.2;
				MARKETING_VERSION = 1.0;
				PRODUCT_BUNDLE_IDENTIFIER = "bill-polizos.KaizenTests";
				PRODUCT_NAME = "$(TARGET_NAME)";
				SWIFT_EMIT_LOC_STRINGS = NO;
				SWIFT_VERSION = 5.0;
				TARGETED_DEVICE_FAMILY = "1,2";
				TEST_HOST = "$(BUILT_PRODUCTS_DIR)/Kaizen.app/$(BUNDLE_EXECUTABLE_FOLDER_PATH)/Kaizen";
			};
			name = Release;
		};
		A93466462B76AAA30082A000 /* Debug */ = {
			isa = XCBuildConfiguration;
			buildSettings = {
				ALWAYS_EMBED_SWIFT_STANDARD_LIBRARIES = YES;
				CODE_SIGN_STYLE = Automatic;
				CURRENT_PROJECT_VERSION = 1;
				GENERATE_INFOPLIST_FILE = YES;
				MARKETING_VERSION = 1.0;
				PRODUCT_BUNDLE_IDENTIFIER = "bill-polizos.KaizenUITests";
				PRODUCT_NAME = "$(TARGET_NAME)";
				SWIFT_EMIT_LOC_STRINGS = NO;
				SWIFT_VERSION = 5.0;
				TARGETED_DEVICE_FAMILY = "1,2";
				TEST_TARGET_NAME = Kaizen;
			};
			name = Debug;
		};
		A93466472B76AAA30082A000 /* Release */ = {
			isa = XCBuildConfiguration;
			buildSettings = {
				ALWAYS_EMBED_SWIFT_STANDARD_LIBRARIES = YES;
				CODE_SIGN_STYLE = Automatic;
				CURRENT_PROJECT_VERSION = 1;
				GENERATE_INFOPLIST_FILE = YES;
				MARKETING_VERSION = 1.0;
				PRODUCT_BUNDLE_IDENTIFIER = "bill-polizos.KaizenUITests";
				PRODUCT_NAME = "$(TARGET_NAME)";
				SWIFT_EMIT_LOC_STRINGS = NO;
				SWIFT_VERSION = 5.0;
				TARGETED_DEVICE_FAMILY = "1,2";
				TEST_TARGET_NAME = Kaizen;
			};
			name = Release;
		};
/* End XCBuildConfiguration section */

/* Begin XCConfigurationList section */
		A93466102B76AAA10082A000 /* Build configuration list for PBXProject "Kaizen" */ = {
			isa = XCConfigurationList;
			buildConfigurations = (
				A934663D2B76AAA30082A000 /* Debug */,
				A934663E2B76AAA30082A000 /* Release */,
			);
			defaultConfigurationIsVisible = 0;
			defaultConfigurationName = Release;
		};
		A934663F2B76AAA30082A000 /* Build configuration list for PBXNativeTarget "Kaizen" */ = {
			isa = XCConfigurationList;
			buildConfigurations = (
				A93466402B76AAA30082A000 /* Debug */,
				A93466412B76AAA30082A000 /* Release */,
			);
			defaultConfigurationIsVisible = 0;
			defaultConfigurationName = Release;
		};
		A93466422B76AAA30082A000 /* Build configuration list for PBXNativeTarget "KaizenTests" */ = {
			isa = XCConfigurationList;
			buildConfigurations = (
				A93466432B76AAA30082A000 /* Debug */,
				A93466442B76AAA30082A000 /* Release */,
			);
			defaultConfigurationIsVisible = 0;
			defaultConfigurationName = Release;
		};
		A93466452B76AAA30082A000 /* Build configuration list for PBXNativeTarget "KaizenUITests" */ = {
			isa = XCConfigurationList;
			buildConfigurations = (
				A93466462B76AAA30082A000 /* Debug */,
				A93466472B76AAA30082A000 /* Release */,
			);
			defaultConfigurationIsVisible = 0;
			defaultConfigurationName = Release;
		};
/* End XCConfigurationList section */

/* Begin XCRemoteSwiftPackageReference section */
		A93466512B76AE7E0082A000 /* XCRemoteSwiftPackageReference "Alamofire" */ = {
			isa = XCRemoteSwiftPackageReference;
			repositoryURL = "https://github.com/Alamofire/Alamofire";
			requirement = {
				kind = upToNextMajorVersion;
				minimumVersion = 5.8.1;
			};
		};
/* End XCRemoteSwiftPackageReference section */

/* Begin XCSwiftPackageProductDependency section */
		A93466522B76AE7E0082A000 /* Alamofire */ = {
			isa = XCSwiftPackageProductDependency;
			package = A93466512B76AE7E0082A000 /* XCRemoteSwiftPackageReference "Alamofire" */;
			productName = Alamofire;
		};
/* End XCSwiftPackageProductDependency section */
	};
	rootObject = A934660D2B76AAA10082A000 /* Project object */;
}
